
Microsoft Visual Studio Solution File, Format Version 12.00
# Visual Studio Version 16
VisualStudioVersion = 16.0.30114.105
MinimumVisualStudioVersion = 10.0.40219.1
Project("{FAE04EC0-301F-11D3-BF4B-00C04F79EFBC}") = "API", "API\API.csproj", "{D3B8667E-48A5-4CEE-A0D7-BBA0C7BA523A}"
EndProject
Global
	GlobalSection(SolutionConfigurationPlatforms) = preSolution
		Debug|Any CPU = Debug|Any CPU
		Release|Any CPU = Release|Any CPU
	EndGlobalSection
	GlobalSection(SolutionProperties) = preSolution
		HideSolutionNode = FALSE
	EndGlobalSection
	GlobalSection(ProjectConfigurationPlatforms) = postSolution
		{D3B8667E-48A5-4CEE-A0D7-BBA0C7BA523A}.Debug|Any CPU.ActiveCfg = Debug|Any CPU
		{D3B8667E-48A5-4CEE-A0D7-BBA0C7BA523A}.Debug|Any CPU.Build.0 = Debug|Any CPU
		{D3B8667E-48A5-4CEE-A0D7-BBA0C7BA523A}.Release|Any CPU.ActiveCfg = Release|Any CPU
		{D3B8667E-48A5-4CEE-A0D7-BBA0C7BA523A}.Release|Any CPU.Build.0 = Release|Any CPU
	EndGlobalSection
EndGlobal
